
Microsoft Visual Studio Solution File, Format Version 12.00
# Visual Studio Version 17
VisualStudioVersion = 17.10.35013.160
MinimumVisualStudioVersion = 10.0.40219.1
Project("{FAE04EC0-301F-11D3-BF4B-00C04F79EFBC}") = "jasper-portfolio", "jasper-portfolio.csproj", "{982D5C23-81BC-4117-8D5C-A3E8755644CE}"
EndProject
Global
	GlobalSection(SolutionConfigurationPlatforms) = preSolution
		Debug|Any CPU = Debug|Any CPU
		Release|Any CPU = Release|Any CPU
	EndGlobalSection
	GlobalSection(ProjectConfigurationPlatforms) = postSolution
		{982D5C23-81BC-4117-8D5C-A3E8755644CE}.Debug|Any CPU.ActiveCfg = Debug|Any CPU
		{982D5C23-81BC-4117-8D5C-A3E8755644CE}.Debug|Any CPU.Build.0 = Debug|Any CPU
		{982D5C23-81BC-4117-8D5C-A3E8755644CE}.Release|Any CPU.ActiveCfg = Release|Any CPU
		{982D5C23-81BC-4117-8D5C-A3E8755644CE}.Release|Any CPU.Build.0 = Release|Any CPU
	EndGlobalSection
	GlobalSection(SolutionProperties) = preSolution
		HideSolutionNode = FALSE
	EndGlobalSection
	GlobalSection(ExtensibilityGlobals) = postSolution
		SolutionGuid = {F1370EFB-3B82-4CCB-BF4B-AD0DEE515533}
	EndGlobalSection
EndGlobal
